# This file is automatically @generated by Poetry 1.6.1 and should not be changed by hand.

[[package]]
name = "http"
version = "0.02"
description = "HTTP library for Python"
optional = false
python-versions = "*"
files = [
    {file = "http-0.02.tar.gz", hash = "sha256:071bc409f687535b6e31a94bced6a7773905abad8d2f236b406202b7283f682c"},
]

[[package]]
name = "pathlib"
version = "1.0.1"
description = "Object-oriented filesystem paths"
optional = false
python-versions = "*"
files = [
    {file = "pathlib-1.0.1-py3-none-any.whl", hash = "sha256:f35f95ab8b0f59e6d354090350b44a80a80635d22efdedfa84c7ad1cf0a74147"},
    {file = "pathlib-1.0.1.tar.gz", hash = "sha256:6940718dfc3eff4258203ad5021090933e5c04707d5ca8cc9e73c94a7894ea9f"},
]

[metadata]
lock-version = "2.0"
python-versions = "^3.8"
content-hash = "9aaf9b353604a6d8cf592f8d4ddf998e754aa25388a80d50263bea8a8a5c79ab"
